
Microsoft Visual Studio Solution File, Format Version 12.00
# Visual Studio 14
VisualStudioVersion = 14.0.25420.1
MinimumVisualStudioVersion = 10.0.40219.1
Project("{FAE04EC0-301F-11D3-BF4B-00C04F79EFBC}") = "SPRHR_CommunicationManagement", "SPRHR_CommunicationManagement\SPRHR_CommunicationManagement.csproj", "{4E5838F9-010D-4134-95DB-CE34B394005F}"
EndProject
Project("{FAE04EC0-301F-11D3-BF4B-00C04F79EFBC}") = "SPRHR_Kho", "SPRHR_Kho\SPRHR_Kho.csproj", "{89DB6556-A723-45D6-AEFB-481F41D48DBD}"
EndProject
Project("{2150E333-8FDC-42A3-9474-1A3956D46DE8}") = "Kho", "Kho", "{5375FD46-0092-4F8D-82EF-4A70E150B296}"
EndProject
Project("{FAE04EC0-301F-11D3-BF4B-00C04F79EFBC}") = "DAL", "DAL\DAL.csproj", "{72131DDE-82D4-43DC-B20E-880EFD6DE5AA}"
EndProject
Project("{FAE04EC0-301F-11D3-BF4B-00C04F79EFBC}") = "BLL", "BLL\BLL.csproj", "{FD9DE66C-F133-4116-B410-902B07D1E3D5}"
EndProject
Project("{FAE04EC0-301F-11D3-BF4B-00C04F79EFBC}") = "Entities", "Entities\Entities.csproj", "{18D02FF3-D254-464C-AAF0-27A3E8CF9D98}"
EndProject
Project("{2150E333-8FDC-42A3-9474-1A3956D46DE8}") = "CongNo", "CongNo", "{5855869D-624F-4661-A526-6E3834600CAB}"
EndProject
Project("{2150E333-8FDC-42A3-9474-1A3956D46DE8}") = "BanHang", "BanHang", "{2198BE10-5DD5-4CB9-932A-3276250EE4DA}"
EndProject
Project("{2150E333-8FDC-42A3-9474-1A3956D46DE8}") = "NhanSu", "NhanSu", "{0366F926-F903-4FB8-9272-5800380DFF0B}"
EndProject
Project("{FAE04EC0-301F-11D3-BF4B-00C04F79EFBC}") = "SPRHR_CongNo", "SPRHR_CongNo\SPRHR_CongNo.csproj", "{42DD1BCA-480F-4E00-BE40-0CDFD3B67AD6}"
EndProject
Project("{FAE04EC0-301F-11D3-BF4B-00C04F79EFBC}") = "SPRHR_BanHang", "SPRHR_BanHang\SPRHR_BanHang.csproj", "{1D85E467-8664-4D3D-BD42-69BC8FCFAF44}"
EndProject
Project("{FAE04EC0-301F-11D3-BF4B-00C04F79EFBC}") = "SPRHR_NhanSu", "SPRHR_NhanSu\SPRHR_NhanSu.csproj", "{3A043040-B81F-47AF-ABA3-F952BFABB6C1}"
EndProject
Global
	GlobalSection(SolutionConfigurationPlatforms) = preSolution
		Debug|Any CPU = Debug|Any CPU
		Release|Any CPU = Release|Any CPU
	EndGlobalSection
	GlobalSection(ProjectConfigurationPlatforms) = postSolution
		{4E5838F9-010D-4134-95DB-CE34B394005F}.Debug|Any CPU.ActiveCfg = Debug|Any CPU
		{4E5838F9-010D-4134-95DB-CE34B394005F}.Debug|Any CPU.Build.0 = Debug|Any CPU
		{4E5838F9-010D-4134-95DB-CE34B394005F}.Release|Any CPU.ActiveCfg = Release|Any CPU
		{4E5838F9-010D-4134-95DB-CE34B394005F}.Release|Any CPU.Build.0 = Release|Any CPU
		{89DB6556-A723-45D6-AEFB-481F41D48DBD}.Debug|Any CPU.ActiveCfg = Debug|Any CPU
		{89DB6556-A723-45D6-AEFB-481F41D48DBD}.Debug|Any CPU.Build.0 = Debug|Any CPU
		{89DB6556-A723-45D6-AEFB-481F41D48DBD}.Release|Any CPU.ActiveCfg = Release|Any CPU
		{89DB6556-A723-45D6-AEFB-481F41D48DBD}.Release|Any CPU.Build.0 = Release|Any CPU
		{72131DDE-82D4-43DC-B20E-880EFD6DE5AA}.Debug|Any CPU.ActiveCfg = Debug|Any CPU
		{72131DDE-82D4-43DC-B20E-880EFD6DE5AA}.Debug|Any CPU.Build.0 = Debug|Any CPU
		{72131DDE-82D4-43DC-B20E-880EFD6DE5AA}.Release|Any CPU.ActiveCfg = Release|Any CPU
		{72131DDE-82D4-43DC-B20E-880EFD6DE5AA}.Release|Any CPU.Build.0 = Release|Any CPU
		{FD9DE66C-F133-4116-B410-902B07D1E3D5}.Debug|Any CPU.ActiveCfg = Debug|Any CPU
		{FD9DE66C-F133-4116-B410-902B07D1E3D5}.Debug|Any CPU.Build.0 = Debug|Any CPU
		{FD9DE66C-F133-4116-B410-902B07D1E3D5}.Release|Any CPU.ActiveCfg = Release|Any CPU
		{FD9DE66C-F133-4116-B410-902B07D1E3D5}.Release|Any CPU.Build.0 = Release|Any CPU
		{18D02FF3-D254-464C-AAF0-27A3E8CF9D98}.Debug|Any CPU.ActiveCfg = Debug|Any CPU
		{18D02FF3-D254-464C-AAF0-27A3E8CF9D98}.Debug|Any CPU.Build.0 = Debug|Any CPU
		{18D02FF3-D254-464C-AAF0-27A3E8CF9D98}.Release|Any CPU.ActiveCfg = Release|Any CPU
		{18D02FF3-D254-464C-AAF0-27A3E8CF9D98}.Release|Any CPU.Build.0 = Release|Any CPU
		{42DD1BCA-480F-4E00-BE40-0CDFD3B67AD6}.Debug|Any CPU.ActiveCfg = Debug|Any CPU
		{42DD1BCA-480F-4E00-BE40-0CDFD3B67AD6}.Debug|Any CPU.Build.0 = Debug|Any CPU
		{42DD1BCA-480F-4E00-BE40-0CDFD3B67AD6}.Release|Any CPU.ActiveCfg = Release|Any CPU
		{42DD1BCA-480F-4E00-BE40-0CDFD3B67AD6}.Release|Any CPU.Build.0 = Release|Any CPU
		{1D85E467-8664-4D3D-BD42-69BC8FCFAF44}.Debug|Any CPU.ActiveCfg = Debug|Any CPU
		{1D85E467-8664-4D3D-BD42-69BC8FCFAF44}.Debug|Any CPU.Build.0 = Debug|Any CPU
		{1D85E467-8664-4D3D-BD42-69BC8FCFAF44}.Release|Any CPU.ActiveCfg = Release|Any CPU
		{1D85E467-8664-4D3D-BD42-69BC8FCFAF44}.Release|Any CPU.Build.0 = Release|Any CPU
		{3A043040-B81F-47AF-ABA3-F952BFABB6C1}.Debug|Any CPU.ActiveCfg = Debug|Any CPU
		{3A043040-B81F-47AF-ABA3-F952BFABB6C1}.Debug|Any CPU.Build.0 = Debug|Any CPU
		{3A043040-B81F-47AF-ABA3-F952BFABB6C1}.Release|Any CPU.ActiveCfg = Release|Any CPU
		{3A043040-B81F-47AF-ABA3-F952BFABB6C1}.Release|Any CPU.Build.0 = Release|Any CPU
	EndGlobalSection
	GlobalSection(SolutionProperties) = preSolution
		HideSolutionNode = FALSE
	EndGlobalSection
	GlobalSection(NestedProjects) = preSolution
		{89DB6556-A723-45D6-AEFB-481F41D48DBD} = {5375FD46-0092-4F8D-82EF-4A70E150B296}
		{72131DDE-82D4-43DC-B20E-880EFD6DE5AA} = {5375FD46-0092-4F8D-82EF-4A70E150B296}
		{FD9DE66C-F133-4116-B410-902B07D1E3D5} = {5375FD46-0092-4F8D-82EF-4A70E150B296}
		{18D02FF3-D254-464C-AAF0-27A3E8CF9D98} = {5375FD46-0092-4F8D-82EF-4A70E150B296}
		{42DD1BCA-480F-4E00-BE40-0CDFD3B67AD6} = {5855869D-624F-4661-A526-6E3834600CAB}
		{1D85E467-8664-4D3D-BD42-69BC8FCFAF44} = {2198BE10-5DD5-4CB9-932A-3276250EE4DA}
		{3A043040-B81F-47AF-ABA3-F952BFABB6C1} = {0366F926-F903-4FB8-9272-5800380DFF0B}
	EndGlobalSection
EndGlobal
